
Microsoft Visual Studio Solution File, Format Version 12.00
# Visual Studio Version 17
VisualStudioVersion = 17.6.33829.357
MinimumVisualStudioVersion = 10.0.40219.1
Project("{FAE04EC0-301F-11D3-BF4B-00C04F79EFBC}") = "AmmyBlogging.WebUi", "AmmyBlogging.WebUi\AmmyBlogging.WebUi.csproj", "{4C61E390-D89E-43E4-A928-1356A3B67D0E}"
EndProject
Project("{FAE04EC0-301F-11D3-BF4B-00C04F79EFBC}") = "AmmyBlogging.Model", "AmmyBloggingModel\AmmyBlogging.Model.csproj", "{A0E1D4D1-BD46-4552-8B17-3EF9C9F0228A}"
EndProject
Project("{FAE04EC0-301F-11D3-BF4B-00C04F79EFBC}") = "AmmyBlogging.Data", "AmmyBloggingData\AmmyBlogging.Data.csproj", "{FDC55EB5-E2BF-4FFE-806E-432AFDC4BB93}"
EndProject
Project("{FAE04EC0-301F-11D3-BF4B-00C04F79EFBC}") = "AmmyBlogging.Helper", "AmmyBloggingHelper\AmmyBlogging.Helper.csproj", "{4A3A91E2-98D7-43F0-BABC-B086F674F9FB}"
EndProject
Project("{FAE04EC0-301F-11D3-BF4B-00C04F79EFBC}") = "AmmyBlogging.Repository", "AmmyBlogging.Repository\AmmyBlogging.Repository.csproj", "{1C8149DF-7B23-45CE-9865-07E10A8D5211}"
EndProject
Global
	GlobalSection(SolutionConfigurationPlatforms) = preSolution
		Debug|Any CPU = Debug|Any CPU
		Release|Any CPU = Release|Any CPU
	EndGlobalSection
	GlobalSection(ProjectConfigurationPlatforms) = postSolution
		{4C61E390-D89E-43E4-A928-1356A3B67D0E}.Debug|Any CPU.ActiveCfg = Debug|Any CPU
		{4C61E390-D89E-43E4-A928-1356A3B67D0E}.Debug|Any CPU.Build.0 = Debug|Any CPU
		{4C61E390-D89E-43E4-A928-1356A3B67D0E}.Release|Any CPU.ActiveCfg = Release|Any CPU
		{4C61E390-D89E-43E4-A928-1356A3B67D0E}.Release|Any CPU.Build.0 = Release|Any CPU
		{A0E1D4D1-BD46-4552-8B17-3EF9C9F0228A}.Debug|Any CPU.ActiveCfg = Debug|Any CPU
		{A0E1D4D1-BD46-4552-8B17-3EF9C9F0228A}.Debug|Any CPU.Build.0 = Debug|Any CPU
		{A0E1D4D1-BD46-4552-8B17-3EF9C9F0228A}.Release|Any CPU.ActiveCfg = Release|Any CPU
		{A0E1D4D1-BD46-4552-8B17-3EF9C9F0228A}.Release|Any CPU.Build.0 = Release|Any CPU
		{FDC55EB5-E2BF-4FFE-806E-432AFDC4BB93}.Debug|Any CPU.ActiveCfg = Debug|Any CPU
		{FDC55EB5-E2BF-4FFE-806E-432AFDC4BB93}.Debug|Any CPU.Build.0 = Debug|Any CPU
		{FDC55EB5-E2BF-4FFE-806E-432AFDC4BB93}.Release|Any CPU.ActiveCfg = Release|Any CPU
		{FDC55EB5-E2BF-4FFE-806E-432AFDC4BB93}.Release|Any CPU.Build.0 = Release|Any CPU
		{4A3A91E2-98D7-43F0-BABC-B086F674F9FB}.Debug|Any CPU.ActiveCfg = Debug|Any CPU
		{4A3A91E2-98D7-43F0-BABC-B086F674F9FB}.Debug|Any CPU.Build.0 = Debug|Any CPU
		{4A3A91E2-98D7-43F0-BABC-B086F674F9FB}.Release|Any CPU.ActiveCfg = Release|Any CPU
		{4A3A91E2-98D7-43F0-BABC-B086F674F9FB}.Release|Any CPU.Build.0 = Release|Any CPU
		{1C8149DF-7B23-45CE-9865-07E10A8D5211}.Debug|Any CPU.ActiveCfg = Debug|Any CPU
		{1C8149DF-7B23-45CE-9865-07E10A8D5211}.Debug|Any CPU.Build.0 = Debug|Any CPU
		{1C8149DF-7B23-45CE-9865-07E10A8D5211}.Release|Any CPU.ActiveCfg = Release|Any CPU
		{1C8149DF-7B23-45CE-9865-07E10A8D5211}.Release|Any CPU.Build.0 = Release|Any CPU
	EndGlobalSection
	GlobalSection(SolutionProperties) = preSolution
		HideSolutionNode = FALSE
	EndGlobalSection
	GlobalSection(ExtensibilityGlobals) = postSolution
		SolutionGuid = {CDC50A11-CF85-4241-975B-C33E67DFB6E0}
	EndGlobalSection
EndGlobal
